
Microsoft Visual Studio Solution File, Format Version 12.00
# Visual Studio 14
VisualStudioVersion = 14.0.25420.1
MinimumVisualStudioVersion = 10.0.40219.1
Project("{FAE04EC0-301F-11D3-BF4B-00C04F79EFBC}") = "OnlineShopTest", "OnlineShopTest\OnlineShopTest.csproj", "{252FF6E7-AB7E-4EAA-9839-D0B58FB79AA1}"
EndProject
Project("{FAE04EC0-301F-11D3-BF4B-00C04F79EFBC}") = "Model", "Model\Model.csproj", "{38C8D15B-38B2-4272-8815-B0427540C568}"
EndProject
Project("{FAE04EC0-301F-11D3-BF4B-00C04F79EFBC}") = "Common", "Common\Common.csproj", "{490A0FFF-11CC-42ED-BE96-48C090D1467D}"
EndProject
Global
	GlobalSection(SolutionConfigurationPlatforms) = preSolution
		Debug|Any CPU = Debug|Any CPU
		Release|Any CPU = Release|Any CPU
	EndGlobalSection
	GlobalSection(ProjectConfigurationPlatforms) = postSolution
		{252FF6E7-AB7E-4EAA-9839-D0B58FB79AA1}.Debug|Any CPU.ActiveCfg = Debug|Any CPU
		{252FF6E7-AB7E-4EAA-9839-D0B58FB79AA1}.Debug|Any CPU.Build.0 = Debug|Any CPU
		{252FF6E7-AB7E-4EAA-9839-D0B58FB79AA1}.Release|Any CPU.ActiveCfg = Release|Any CPU
		{252FF6E7-AB7E-4EAA-9839-D0B58FB79AA1}.Release|Any CPU.Build.0 = Release|Any CPU
		{38C8D15B-38B2-4272-8815-B0427540C568}.Debug|Any CPU.ActiveCfg = Debug|Any CPU
		{38C8D15B-38B2-4272-8815-B0427540C568}.Debug|Any CPU.Build.0 = Debug|Any CPU
		{38C8D15B-38B2-4272-8815-B0427540C568}.Release|Any CPU.ActiveCfg = Release|Any CPU
		{38C8D15B-38B2-4272-8815-B0427540C568}.Release|Any CPU.Build.0 = Release|Any CPU
		{490A0FFF-11CC-42ED-BE96-48C090D1467D}.Debug|Any CPU.ActiveCfg = Debug|Any CPU
		{490A0FFF-11CC-42ED-BE96-48C090D1467D}.Debug|Any CPU.Build.0 = Debug|Any CPU
		{490A0FFF-11CC-42ED-BE96-48C090D1467D}.Release|Any CPU.ActiveCfg = Release|Any CPU
		{490A0FFF-11CC-42ED-BE96-48C090D1467D}.Release|Any CPU.Build.0 = Release|Any CPU
	EndGlobalSection
	GlobalSection(SolutionProperties) = preSolution
		HideSolutionNode = FALSE
	EndGlobalSection
EndGlobal
